
Microsoft Visual Studio Solution File, Format Version 12.00
# Visual Studio Version 16
VisualStudioVersion = 16.0.31702.278
MinimumVisualStudioVersion = 10.0.40219.1
Project("{FAE04EC0-301F-11D3-BF4B-00C04F79EFBC}") = "PictureViewer 22", "PictureViewer 22.csproj", "{ABC18072-A733-4186-AC2F-B3DDB427C980}"
EndProject
Global
	GlobalSection(SolutionConfigurationPlatforms) = preSolution
		Debug|Any CPU = Debug|Any CPU
		Release|Any CPU = Release|Any CPU
	EndGlobalSection
	GlobalSection(ProjectConfigurationPlatforms) = postSolution
		{ABC18072-A733-4186-AC2F-B3DDB427C980}.Debug|Any CPU.ActiveCfg = Debug|Any CPU
		{ABC18072-A733-4186-AC2F-B3DDB427C980}.Debug|Any CPU.Build.0 = Debug|Any CPU
		{ABC18072-A733-4186-AC2F-B3DDB427C980}.Release|Any CPU.ActiveCfg = Release|Any CPU
		{ABC18072-A733-4186-AC2F-B3DDB427C980}.Release|Any CPU.Build.0 = Release|Any CPU
	EndGlobalSection
	GlobalSection(SolutionProperties) = preSolution
		HideSolutionNode = FALSE
	EndGlobalSection
	GlobalSection(ExtensibilityGlobals) = postSolution
		SolutionGuid = {F983A0FC-7ECC-4BE9-812D-28BB9998924D}
	EndGlobalSection
EndGlobal
